Microsoft Visual Studio Solution File, Format Version 11.00
# Visual Studio 2010
Project("{2150E333-8FDC-42A3-9474-1A3956D46DE8}") = "Solution Items", "Solution Items", "{0384064D-380D-4C10-9499-A5E4CABD81EF}"
EndProject
Project("{FAE04EC0-301F-11D3-BF4B-00C04F79EFBC}") = "CruiseControl", "CruiseControl\CruiseControl.csproj", "{5B63CECF-6573-448A-A812-AC14161B3759}"
EndProject
Project("{FAE04EC0-301F-11D3-BF4B-00C04F79EFBC}") = "MsBuildTasks", "MSBuildTasks\MsBuildTasks.csproj", "{76805C11-52D8-4F6E-8555-26AEBFB9B4F6}"
EndProject
Project("{8BC9CEB8-8B4A-11D0-8D11-00A0C91BC942}") = "Setup", "Setup\Setup.vcxproj", "{BCC7B4E2-1CAA-44BB-B166-80AB81D2A642}"
EndProject
Project("{8BC9CEB8-8B4A-11D0-8D11-00A0C91BC942}") = "SetupBuild", "SetupBuild\SetupBuild.vcxproj", "{FADF6110-6DBE-4238-979F-B38EC11FA1E2}"
EndProject
Project("{FAE04EC0-301F-11D3-BF4B-00C04F79EFBC}") = "Diagnostics", "Diagnostics\Diagnostics.csproj", "{AB7C5086-AEAA-43AD-AE6F-6FAA49E3DAF2}"
EndProject
Global
	GlobalSection(TeamFoundationVersionControl) = preSolution
		SccNumberOfProjects = 6
		SccEnterpriseProvider = {4CA58AB2-18FA-4F8D-95D4-32DDF27D184C}
		SccTeamFoundationServer = http://fusion-tfs:8084/tfs/cficollection
		SccLocalPath0 = .
		SccProjectUniqueName1 = Setup\\Setup.vcxproj
		SccProjectName1 = Setup
		SccLocalPath1 = Setup
		SccProjectUniqueName2 = SetupBuild\\SetupBuild.vcxproj
		SccProjectName2 = SetupBuild
		SccLocalPath2 = SetupBuild
		SccProjectUniqueName3 = CruiseControl\\CruiseControl.csproj
		SccProjectName3 = CruiseControl
		SccLocalPath3 = CruiseControl
		SccProjectUniqueName4 = MSBuildTasks\\MsBuildTasks.csproj
		SccProjectName4 = MSBuildTasks
		SccLocalPath4 = MSBuildTasks
		SccProjectUniqueName5 = Diagnostics\\Diagnostics.csproj
		SccProjectName5 = Diagnostics
		SccLocalPath5 = Diagnostics
	EndGlobalSection
	GlobalSection(SolutionConfigurationPlatforms) = preSolution
		Beta Release|Any CPU = Beta Release|Any CPU
		Beta Release|Mixed Platforms = Beta Release|Mixed Platforms
		Beta Release|Win32 = Beta Release|Win32
		Beta Release|x86 = Beta Release|x86
		Debug|Any CPU = Debug|Any CPU
		Debug|Mixed Platforms = Debug|Mixed Platforms
		Debug|Win32 = Debug|Win32
		Debug|x86 = Debug|x86
		Final Release|Any CPU = Final Release|Any CPU
		Final Release|Mixed Platforms = Final Release|Mixed Platforms
		Final Release|Win32 = Final Release|Win32
		Final Release|x86 = Final Release|x86
		Release|Any CPU = Release|Any CPU
		Release|Mixed Platforms = Release|Mixed Platforms
		Release|Win32 = Release|Win32
		Release|x86 = Release|x86
	EndGlobalSection
	GlobalSection(ProjectConfigurationPlatforms) = postSolution
		{5B63CECF-6573-448A-A812-AC14161B3759}.Beta Release|Any CPU.ActiveCfg = Release|Any CPU
		{5B63CECF-6573-448A-A812-AC14161B3759}.Beta Release|Any CPU.Build.0 = Release|Any CPU
		{5B63CECF-6573-448A-A812-AC14161B3759}.Beta Release|Mixed Platforms.ActiveCfg = Release|Any CPU
		{5B63CECF-6573-448A-A812-AC14161B3759}.Beta Release|Mixed Platforms.Build.0 = Release|Any CPU
		{5B63CECF-6573-448A-A812-AC14161B3759}.Beta Release|Win32.ActiveCfg = Release|Any CPU
		{5B63CECF-6573-448A-A812-AC14161B3759}.Beta Release|x86.ActiveCfg = Release|Any CPU
		{5B63CECF-6573-448A-A812-AC14161B3759}.Debug|Any CPU.ActiveCfg = Debug|Any CPU
		{5B63CECF-6573-448A-A812-AC14161B3759}.Debug|Any CPU.Build.0 = Debug|Any CPU
		{5B63CECF-6573-448A-A812-AC14161B3759}.Debug|Mixed Platforms.ActiveCfg = Debug|Any CPU
		{5B63CECF-6573-448A-A812-AC14161B3759}.Debug|Mixed Platforms.Build.0 = Debug|Any CPU
		{5B63CECF-6573-448A-A812-AC14161B3759}.Debug|Win32.ActiveCfg = Debug|Any CPU
		{5B63CECF-6573-448A-A812-AC14161B3759}.Debug|x86.ActiveCfg = Debug|Any CPU
		{5B63CECF-6573-448A-A812-AC14161B3759}.Final Release|Any CPU.ActiveCfg = Release|Any CPU
		{5B63CECF-6573-448A-A812-AC14161B3759}.Final Release|Any CPU.Build.0 = Release|Any CPU
		{5B63CECF-6573-448A-A812-AC14161B3759}.Final Release|Mixed Platforms.ActiveCfg = Release|Any CPU
		{5B63CECF-6573-448A-A812-AC14161B3759}.Final Release|Mixed Platforms.Build.0 = Release|Any CPU
		{5B63CECF-6573-448A-A812-AC14161B3759}.Final Release|Win32.ActiveCfg = Release|Any CPU
		{5B63CECF-6573-448A-A812-AC14161B3759}.Final Release|x86.ActiveCfg = Release|Any CPU
		{5B63CECF-6573-448A-A812-AC14161B3759}.Release|Any CPU.ActiveCfg = Release|Any CPU
		{5B63CECF-6573-448A-A812-AC14161B3759}.Release|Any CPU.Build.0 = Release|Any CPU
		{5B63CECF-6573-448A-A812-AC14161B3759}.Release|Mixed Platforms.ActiveCfg = Release|Any CPU
		{5B63CECF-6573-448A-A812-AC14161B3759}.Release|Mixed Platforms.Build.0 = Release|Any CPU
		{5B63CECF-6573-448A-A812-AC14161B3759}.Release|Win32.ActiveCfg = Release|Any CPU
		{5B63CECF-6573-448A-A812-AC14161B3759}.Release|x86.ActiveCfg = Release|Any CPU
		{76805C11-52D8-4F6E-8555-26AEBFB9B4F6}.Beta Release|Any CPU.ActiveCfg = Release|Any CPU
		{76805C11-52D8-4F6E-8555-26AEBFB9B4F6}.Beta Release|Any CPU.Build.0 = Release|Any CPU
		{76805C11-52D8-4F6E-8555-26AEBFB9B4F6}.Beta Release|Mixed Platforms.ActiveCfg = Release|Any CPU
		{76805C11-52D8-4F6E-8555-26AEBFB9B4F6}.Beta Release|Mixed Platforms.Build.0 = Release|Any CPU
		{76805C11-52D8-4F6E-8555-26AEBFB9B4F6}.Beta Release|Win32.ActiveCfg = Release|Any CPU
		{76805C11-52D8-4F6E-8555-26AEBFB9B4F6}.Beta Release|x86.ActiveCfg = Release|Any CPU
		{76805C11-52D8-4F6E-8555-26AEBFB9B4F6}.Debug|Any CPU.ActiveCfg = Debug|Any CPU
		{76805C11-52D8-4F6E-8555-26AEBFB9B4F6}.Debug|Any CPU.Build.0 = Debug|Any CPU
		{76805C11-52D8-4F6E-8555-26AEBFB9B4F6}.Debug|Mixed Platforms.ActiveCfg = Debug|Any CPU
		{76805C11-52D8-4F6E-8555-26AEBFB9B4F6}.Debug|Mixed Platforms.Build.0 = Debug|Any CPU
		{76805C11-52D8-4F6E-8555-26AEBFB9B4F6}.Debug|Win32.ActiveCfg = Debug|Any CPU
		{76805C11-52D8-4F6E-8555-26AEBFB9B4F6}.Debug|x86.ActiveCfg = Debug|Any CPU
		{76805C11-52D8-4F6E-8555-26AEBFB9B4F6}.Final Release|Any CPU.ActiveCfg = Release|Any CPU
		{76805C11-52D8-4F6E-8555-26AEBFB9B4F6}.Final Release|Any CPU.Build.0 = Release|Any CPU
		{76805C11-52D8-4F6E-8555-26AEBFB9B4F6}.Final Release|Mixed Platforms.ActiveCfg = Release|Any CPU
		{76805C11-52D8-4F6E-8555-26AEBFB9B4F6}.Final Release|Mixed Platforms.Build.0 = Release|Any CPU
		{76805C11-52D8-4F6E-8555-26AEBFB9B4F6}.Final Release|Win32.ActiveCfg = Release|Any CPU
		{76805C11-52D8-4F6E-8555-26AEBFB9B4F6}.Final Release|x86.ActiveCfg = Release|Any CPU
		{76805C11-52D8-4F6E-8555-26AEBFB9B4F6}.Release|Any CPU.ActiveCfg = Release|Any CPU
		{76805C11-52D8-4F6E-8555-26AEBFB9B4F6}.Release|Any CPU.Build.0 = Release|Any CPU
		{76805C11-52D8-4F6E-8555-26AEBFB9B4F6}.Release|Mixed Platforms.ActiveCfg = Release|Any CPU
		{76805C11-52D8-4F6E-8555-26AEBFB9B4F6}.Release|Mixed Platforms.Build.0 = Release|Any CPU
		{76805C11-52D8-4F6E-8555-26AEBFB9B4F6}.Release|Win32.ActiveCfg = Release|Any CPU
		{76805C11-52D8-4F6E-8555-26AEBFB9B4F6}.Release|x86.ActiveCfg = Release|Any CPU
		{BCC7B4E2-1CAA-44BB-B166-80AB81D2A642}.Beta Release|Any CPU.ActiveCfg = Release|Win32
		{BCC7B4E2-1CAA-44BB-B166-80AB81D2A642}.Beta Release|Mixed Platforms.ActiveCfg = Release|Win32
		{BCC7B4E2-1CAA-44BB-B166-80AB81D2A642}.Beta Release|Mixed Platforms.Build.0 = Release|Win32
		{BCC7B4E2-1CAA-44BB-B166-80AB81D2A642}.Beta Release|Win32.ActiveCfg = Release|Win32
		{BCC7B4E2-1CAA-44BB-B166-80AB81D2A642}.Beta Release|Win32.Build.0 = Release|Win32
		{BCC7B4E2-1CAA-44BB-B166-80AB81D2A642}.Beta Release|x86.ActiveCfg = Release|Win32
		{BCC7B4E2-1CAA-44BB-B166-80AB81D2A642}.Debug|Any CPU.ActiveCfg = Debug|Win32
		{BCC7B4E2-1CAA-44BB-B166-80AB81D2A642}.Debug|Mixed Platforms.ActiveCfg = Debug|Win32
		{BCC7B4E2-1CAA-44BB-B166-80AB81D2A642}.Debug|Mixed Platforms.Build.0 = Debug|Win32
		{BCC7B4E2-1CAA-44BB-B166-80AB81D2A642}.Debug|Win32.ActiveCfg = Debug|Win32
		{BCC7B4E2-1CAA-44BB-B166-80AB81D2A642}.Debug|Win32.Build.0 = Debug|Win32
		{BCC7B4E2-1CAA-44BB-B166-80AB81D2A642}.Debug|x86.ActiveCfg = Debug|Win32
		{BCC7B4E2-1CAA-44BB-B166-80AB81D2A642}.Final Release|Any CPU.ActiveCfg = Release|Win32
		{BCC7B4E2-1CAA-44BB-B166-80AB81D2A642}.Final Release|Mixed Platforms.ActiveCfg = Release|Win32
		{BCC7B4E2-1CAA-44BB-B166-80AB81D2A642}.Final Release|Mixed Platforms.Build.0 = Release|Win32
		{BCC7B4E2-1CAA-44BB-B166-80AB81D2A642}.Final Release|Win32.ActiveCfg = Release|Win32
		{BCC7B4E2-1CAA-44BB-B166-80AB81D2A642}.Final Release|Win32.Build.0 = Release|Win32
		{BCC7B4E2-1CAA-44BB-B166-80AB81D2A642}.Final Release|x86.ActiveCfg = Release|Win32
		{BCC7B4E2-1CAA-44BB-B166-80AB81D2A642}.Release|Any CPU.ActiveCfg = Release|Win32
		{BCC7B4E2-1CAA-44BB-B166-80AB81D2A642}.Release|Mixed Platforms.ActiveCfg = Release|Win32
		{BCC7B4E2-1CAA-44BB-B166-80AB81D2A642}.Release|Mixed Platforms.Build.0 = Release|Win32
		{BCC7B4E2-1CAA-44BB-B166-80AB81D2A642}.Release|Win32.ActiveCfg = Release|Win32
		{BCC7B4E2-1CAA-44BB-B166-80AB81D2A642}.Release|Win32.Build.0 = Release|Win32
		{BCC7B4E2-1CAA-44BB-B166-80AB81D2A642}.Release|x86.ActiveCfg = Release|Win32
		{FADF6110-6DBE-4238-979F-B38EC11FA1E2}.Beta Release|Any CPU.ActiveCfg = Release|Win32
		{FADF6110-6DBE-4238-979F-B38EC11FA1E2}.Beta Release|Mixed Platforms.ActiveCfg = Release|Win32
		{FADF6110-6DBE-4238-979F-B38EC11FA1E2}.Beta Release|Mixed Platforms.Build.0 = Release|Win32
		{FADF6110-6DBE-4238-979F-B38EC11FA1E2}.Beta Release|Win32.ActiveCfg = Release|Win32
		{FADF6110-6DBE-4238-979F-B38EC11FA1E2}.Beta Release|Win32.Build.0 = Release|Win32
		{FADF6110-6DBE-4238-979F-B38EC11FA1E2}.Beta Release|x86.ActiveCfg = Release|Win32
		{FADF6110-6DBE-4238-979F-B38EC11FA1E2}.Debug|Any CPU.ActiveCfg = Debug|Win32
		{FADF6110-6DBE-4238-979F-B38EC11FA1E2}.Debug|Mixed Platforms.ActiveCfg = Debug|Win32
		{FADF6110-6DBE-4238-979F-B38EC11FA1E2}.Debug|Mixed Platforms.Build.0 = Debug|Win32
		{FADF6110-6DBE-4238-979F-B38EC11FA1E2}.Debug|Win32.ActiveCfg = Debug|Win32
		{FADF6110-6DBE-4238-979F-B38EC11FA1E2}.Debug|Win32.Build.0 = Debug|Win32
		{FADF6110-6DBE-4238-979F-B38EC11FA1E2}.Debug|x86.ActiveCfg = Debug|Win32
		{FADF6110-6DBE-4238-979F-B38EC11FA1E2}.Final Release|Any CPU.ActiveCfg = Release|Win32
		{FADF6110-6DBE-4238-979F-B38EC11FA1E2}.Final Release|Mixed Platforms.ActiveCfg = Release|Win32
		{FADF6110-6DBE-4238-979F-B38EC11FA1E2}.Final Release|Mixed Platforms.Build.0 = Release|Win32
		{FADF6110-6DBE-4238-979F-B38EC11FA1E2}.Final Release|Win32.ActiveCfg = Release|Win32
		{FADF6110-6DBE-4238-979F-B38EC11FA1E2}.Final Release|Win32.Build.0 = Release|Win32
		{FADF6110-6DBE-4238-979F-B38EC11FA1E2}.Final Release|x86.ActiveCfg = Release|Win32
		{FADF6110-6DBE-4238-979F-B38EC11FA1E2}.Release|Any CPU.ActiveCfg = Release|Win32
		{FADF6110-6DBE-4238-979F-B38EC11FA1E2}.Release|Mixed Platforms.ActiveCfg = Release|Win32
		{FADF6110-6DBE-4238-979F-B38EC11FA1E2}.Release|Mixed Platforms.Build.0 = Release|Win32
		{FADF6110-6DBE-4238-979F-B38EC11FA1E2}.Release|Win32.ActiveCfg = Release|Win32
		{FADF6110-6DBE-4238-979F-B38EC11FA1E2}.Release|Win32.Build.0 = Release|Win32
		{FADF6110-6DBE-4238-979F-B38EC11FA1E2}.Release|x86.ActiveCfg = Release|Win32
		{AB7C5086-AEAA-43AD-AE6F-6FAA49E3DAF2}.Beta Release|Any CPU.ActiveCfg = Beta Release|Any CPU
		{AB7C5086-AEAA-43AD-AE6F-6FAA49E3DAF2}.Beta Release|Any CPU.Build.0 = Beta Release|Any CPU
		{AB7C5086-AEAA-43AD-AE6F-6FAA49E3DAF2}.Beta Release|Mixed Platforms.ActiveCfg = Beta Release|x86
		{AB7C5086-AEAA-43AD-AE6F-6FAA49E3DAF2}.Beta Release|Mixed Platforms.Build.0 = Beta Release|x86
		{AB7C5086-AEAA-43AD-AE6F-6FAA49E3DAF2}.Beta Release|Win32.ActiveCfg = Beta Release|x86
		{AB7C5086-AEAA-43AD-AE6F-6FAA49E3DAF2}.Beta Release|x86.ActiveCfg = Beta Release|x86
		{AB7C5086-AEAA-43AD-AE6F-6FAA49E3DAF2}.Beta Release|x86.Build.0 = Beta Release|x86
		{AB7C5086-AEAA-43AD-AE6F-6FAA49E3DAF2}.Debug|Any CPU.ActiveCfg = Debug|Any CPU
		{AB7C5086-AEAA-43AD-AE6F-6FAA49E3DAF2}.Debug|Any CPU.Build.0 = Debug|Any CPU
		{AB7C5086-AEAA-43AD-AE6F-6FAA49E3DAF2}.Debug|Mixed Platforms.ActiveCfg = Debug|x86
		{AB7C5086-AEAA-43AD-AE6F-6FAA49E3DAF2}.Debug|Mixed Platforms.Build.0 = Debug|x86
		{AB7C5086-AEAA-43AD-AE6F-6FAA49E3DAF2}.Debug|Win32.ActiveCfg = Debug|x86
		{AB7C5086-AEAA-43AD-AE6F-6FAA49E3DAF2}.Debug|x86.ActiveCfg = Debug|x86
		{AB7C5086-AEAA-43AD-AE6F-6FAA49E3DAF2}.Debug|x86.Build.0 = Debug|x86
		{AB7C5086-AEAA-43AD-AE6F-6FAA49E3DAF2}.Final Release|Any CPU.ActiveCfg = Release|Any CPU
		{AB7C5086-AEAA-43AD-AE6F-6FAA49E3DAF2}.Final Release|Any CPU.Build.0 = Release|Any CPU
		{AB7C5086-AEAA-43AD-AE6F-6FAA49E3DAF2}.Final Release|Mixed Platforms.ActiveCfg = Release|x86
		{AB7C5086-AEAA-43AD-AE6F-6FAA49E3DAF2}.Final Release|Mixed Platforms.Build.0 = Release|x86
		{AB7C5086-AEAA-43AD-AE6F-6FAA49E3DAF2}.Final Release|Win32.ActiveCfg = Release|x86
		{AB7C5086-AEAA-43AD-AE6F-6FAA49E3DAF2}.Final Release|x86.ActiveCfg = Release|x86
		{AB7C5086-AEAA-43AD-AE6F-6FAA49E3DAF2}.Final Release|x86.Build.0 = Release|x86
		{AB7C5086-AEAA-43AD-AE6F-6FAA49E3DAF2}.Release|Any CPU.ActiveCfg = Beta Release|Any CPU
		{AB7C5086-AEAA-43AD-AE6F-6FAA49E3DAF2}.Release|Any CPU.Build.0 = Beta Release|Any CPU
		{AB7C5086-AEAA-43AD-AE6F-6FAA49E3DAF2}.Release|Mixed Platforms.ActiveCfg = Release|Any CPU
		{AB7C5086-AEAA-43AD-AE6F-6FAA49E3DAF2}.Release|Mixed Platforms.Build.0 = Release|Any CPU
		{AB7C5086-AEAA-43AD-AE6F-6FAA49E3DAF2}.Release|Win32.ActiveCfg = Beta Release|x86
		{AB7C5086-AEAA-43AD-AE6F-6FAA49E3DAF2}.Release|x86.ActiveCfg = Beta Release|x86
		{AB7C5086-AEAA-43AD-AE6F-6FAA49E3DAF2}.Release|x86.Build.0 = Beta Release|x86
	EndGlobalSection
	GlobalSection(SolutionProperties) = preSolution
		HideSolutionNode = FALSE
	EndGlobalSection
EndGlobal
